
Microsoft Visual Studio Solution File, Format Version 12.00
# Visual Studio Version 17
VisualStudioVersion = 17.0.31903.59
MinimumVisualStudioVersion = 10.0.40219.1
Project("{FAE04EC0-301F-11D3-BF4B-00C04F79EFBC}") = "Ghost_house_game", "Ghost_house_game\Ghost_house_game.csproj", "{232518EC-78A7-4F5A-99EF-3BCF7F33A64F}"
EndProject
Global
	GlobalSection(SolutionConfigurationPlatforms) = preSolution
		Debug|Any CPU = Debug|Any CPU
		Debug|x64 = Debug|x64
		Debug|x86 = Debug|x86
		Release|Any CPU = Release|Any CPU
		Release|x64 = Release|x64
		Release|x86 = Release|x86
	EndGlobalSection
	GlobalSection(ProjectConfigurationPlatforms) = postSolution
		{232518EC-78A7-4F5A-99EF-3BCF7F33A64F}.Debug|Any CPU.ActiveCfg = Debug|Any CPU
		{232518EC-78A7-4F5A-99EF-3BCF7F33A64F}.Debug|Any CPU.Build.0 = Debug|Any CPU
		{232518EC-78A7-4F5A-99EF-3BCF7F33A64F}.Debug|x64.ActiveCfg = Debug|Any CPU
		{232518EC-78A7-4F5A-99EF-3BCF7F33A64F}.Debug|x64.Build.0 = Debug|Any CPU
		{232518EC-78A7-4F5A-99EF-3BCF7F33A64F}.Debug|x86.ActiveCfg = Debug|Any CPU
		{232518EC-78A7-4F5A-99EF-3BCF7F33A64F}.Debug|x86.Build.0 = Debug|Any CPU
		{232518EC-78A7-4F5A-99EF-3BCF7F33A64F}.Release|Any CPU.ActiveCfg = Release|Any CPU
		{232518EC-78A7-4F5A-99EF-3BCF7F33A64F}.Release|Any CPU.Build.0 = Release|Any CPU
		{232518EC-78A7-4F5A-99EF-3BCF7F33A64F}.Release|x64.ActiveCfg = Release|Any CPU
		{232518EC-78A7-4F5A-99EF-3BCF7F33A64F}.Release|x64.Build.0 = Release|Any CPU
		{232518EC-78A7-4F5A-99EF-3BCF7F33A64F}.Release|x86.ActiveCfg = Release|Any CPU
		{232518EC-78A7-4F5A-99EF-3BCF7F33A64F}.Release|x86.Build.0 = Release|Any CPU
	EndGlobalSection
	GlobalSection(SolutionProperties) = preSolution
		HideSolutionNode = FALSE
	EndGlobalSection
EndGlobal
